
Microsoft Visual Studio Solution File, Format Version 12.00
# Visual Studio Version 16
VisualStudioVersion = 16.0.31019.35
MinimumVisualStudioVersion = 10.0.40219.1
Project("{FAE04EC0-301F-11D3-BF4B-00C04F79EFBC}") = "Лабораторная 5", "Лабораторная 5\Лабораторная 5.csproj", "{0B1595C7-ED57-44A8-9461-5C4FD0E69190}"
EndProject
Global
	GlobalSection(SolutionConfigurationPlatforms) = preSolution
		Debug|Any CPU = Debug|Any CPU
		Release|Any CPU = Release|Any CPU
	EndGlobalSection
	GlobalSection(ProjectConfigurationPlatforms) = postSolution
		{0B1595C7-ED57-44A8-9461-5C4FD0E69190}.Debug|Any CPU.ActiveCfg = Debug|Any CPU
		{0B1595C7-ED57-44A8-9461-5C4FD0E69190}.Debug|Any CPU.Build.0 = Debug|Any CPU
		{0B1595C7-ED57-44A8-9461-5C4FD0E69190}.Release|Any CPU.ActiveCfg = Release|Any CPU
		{0B1595C7-ED57-44A8-9461-5C4FD0E69190}.Release|Any CPU.Build.0 = Release|Any CPU
	EndGlobalSection
	GlobalSection(SolutionProperties) = preSolution
		HideSolutionNode = FALSE
	EndGlobalSection
	GlobalSection(ExtensibilityGlobals) = postSolution
		SolutionGuid = {5342BE3C-41BB-4867-B658-BDE0AA2FB23C}
	EndGlobalSection
EndGlobal
